
Microsoft Visual Studio Solution File, Format Version 12.00
# Visual Studio Version 16
VisualStudioVersion = 16.0.810.25
MinimumVisualStudioVersion = 10.0.40219.1
Project("{FAE04EC0-301F-11D3-BF4B-00C04F79EFBC}") = "MPANAGTK", "MPANAGTK\MPANAGTK.csproj", "{B5781025-8C85-4814-8DFA-8CD5FF184FDE}"
EndProject
Global
	GlobalSection(SolutionConfigurationPlatforms) = preSolution
		Debug|anycpu = Debug|anycpu
		Release|anycpu = Release|anycpu
	EndGlobalSection
	GlobalSection(ProjectConfigurationPlatforms) = postSolution
		{B5781025-8C85-4814-8DFA-8CD5FF184FDE}.Debug|anycpu.ActiveCfg = Debug|anycpu
		{B5781025-8C85-4814-8DFA-8CD5FF184FDE}.Debug|anycpu.Build.0 = Debug|anycpu
		{B5781025-8C85-4814-8DFA-8CD5FF184FDE}.Release|anycpu.ActiveCfg = Release|anycpu
		{B5781025-8C85-4814-8DFA-8CD5FF184FDE}.Release|anycpu.Build.0 = Release|anycpu
	EndGlobalSection
	GlobalSection(SolutionProperties) = preSolution
		HideSolutionNode = FALSE
	EndGlobalSection
	GlobalSection(ExtensibilityGlobals) = postSolution
		SolutionGuid = {11ACB0A7-C1F1-4C20-A379-9E160FD9D410}
	EndGlobalSection
EndGlobal
